[[package]]
name = "amqp"
version = "2.6.0"
description = "Low-level AMQP client for Python (fork of amqplib)."
category = "main"
optional = false
python-versions = ">=2.7, !=3.0.*, !=3.1.*, !=3.2.*, !=3.3.*, !=3.4.*"

[package.dependencies]
vine = ">=1.1.3,<5.0.0a1"

[[package]]
name = "appdirs"
version = "1.4.3"
description = "A small Python module for determining appropriate platform-specific dirs, e.g. a \"user data dir\"."
category = "dev"
optional = false
python-versions = "*"

[[package]]
name = "asgiref"
version = "3.4.1"
description = "ASGI specs, helper code, and adapters"
category = "main"
optional = false
python-versions = ">=3.6"

[package.extras]
tests = ["pytest", "pytest-asyncio", "mypy (>=0.800)"]

[[package]]
name = "atomicwrites"
version = "1.3.0"
description = "Atomic file writes."
category = "dev"
optional = false
python-versions = ">=2.7, !=3.0.*, !=3.1.*, !=3.2.*, !=3.3.*"

[[package]]
name = "attrs"
version = "19.3.0"
description = "Classes Without Boilerplate"
category = "dev"
optional = false
python-versions = ">=2.7, !=3.0.*, !=3.1.*, !=3.2.*, !=3.3.*"

[package.extras]
azure-pipelines = ["coverage", "hypothesis", "pympler", "pytest (>=4.3.0)", "six", "zope.interface", "pytest-azurepipelines"]
dev = ["coverage", "hypothesis", "pympler", "pytest (>=4.3.0)", "six", "zope.interface", "sphinx", "pre-commit"]
docs = ["sphinx", "zope.interface"]
tests = ["coverage", "hypothesis", "pympler", "pytest (>=4.3.0)", "six", "zope.interface"]

[[package]]
name = "billiard"
version = "3.6.3.0"
description = "Python multiprocessing fork with improvements and bugfixes"
category = "main"
optional = false
python-versions = "*"

[[package]]
name = "black"
version = "21.7b0"
description = "The uncompromising code formatter."
category = "dev"
optional = false
python-versions = ">=3.6.2"

[package.dependencies]
appdirs = "*"
click = ">=7.1.2"
mypy-extensions = ">=0.4.3"
pathspec = ">=0.8.1,<1"
regex = ">=2020.1.8"
tomli = ">=0.2.6,<2.0.0"

[package.extras]
colorama = ["colorama (>=0.4.3)"]
d = ["aiohttp (>=3.6.0)", "aiohttp-cors (>=0.4.0)"]
python2 = ["typed-ast (>=1.4.2)"]
uvloop = ["uvloop (>=0.15.2)"]

[[package]]
name = "braceexpand"
version = "0.1.7"
description = "Bash-style brace expansion for Python"
category = "dev"
optional = false
python-versions = "*"

[[package]]
name = "celery"
version = "4.4.7"
description = "Distributed Task Queue."
category = "main"
optional = false
python-versions = ">=2.7, !=3.0.*, !=3.1.*, !=3.2.*, !=3.3.*, !=3.4.*"

[package.dependencies]
billiard = ">=3.6.3.0,<4.0"
kombu = ">=4.6.10,<4.7"
pytz = ">0.0-dev"
vine = "1.3.0"

[package.extras]
arangodb = ["pyArango (>=1.3.2)"]
auth = ["cryptography"]
azureblockblob = ["azure-storage (==0.36.0)", "azure-common (==1.1.5)", "azure-storage-common (==1.1.0)"]
brotli = ["brotli (>=1.0.0)", "brotlipy (>=0.7.0)"]
cassandra = ["cassandra-driver (<3.21.0)"]
consul = ["python-consul"]
cosmosdbsql = ["pydocumentdb (==2.3.2)"]
couchbase = ["couchbase-cffi (<3.0.0)", "couchbase (<3.0.0)"]
couchdb = ["pycouchdb"]
django = ["Django (>=1.11)"]
dynamodb = ["boto3 (>=1.9.178)"]
elasticsearch = ["elasticsearch"]
eventlet = ["eventlet (>=0.24.1)"]
gevent = ["gevent"]
librabbitmq = ["librabbitmq (>=1.5.0)"]
lzma = ["backports.lzma"]
memcache = ["pylibmc"]
mongodb = ["pymongo[srv] (>=3.3.0)"]
msgpack = ["msgpack"]
pymemcache = ["python-memcached"]
pyro = ["pyro4"]
redis = ["redis (>=3.2.0)"]
riak = ["riak (>=2.0)"]
s3 = ["boto3 (>=1.9.125)"]
slmq = ["softlayer-messaging (>=1.0.3)"]
solar = ["ephem"]
sqlalchemy = ["sqlalchemy"]
sqs = ["boto3 (>=1.9.125)", "pycurl (==7.43.0.5)"]
tblib = ["tblib (>=1.3.0)", "tblib (>=1.5.0)"]
yaml = ["PyYAML (>=3.10)"]
zookeeper = ["kazoo (>=1.3.1)"]
zstd = ["zstandard"]

[[package]]
name = "certifi"
version = "2019.11.28"
description = "Python package for providing Mozilla's CA Bundle."
category = "main"
optional = false
python-versions = "*"

[[package]]
name = "cffi"
version = "1.14.0"
description = "Foreign Function Interface for Python calling C code."
category = "main"
optional = false
python-versions = "*"

[package.dependencies]
pycparser = "*"

[[package]]
name = "charset-normalizer"
version = "2.0.3"
description = "The Real First Universal Charset Detector. Open, modern and actively maintained alternative to Chardet."
category = "main"
optional = false
python-versions = ">=3.5.0"

[package.extras]
unicode_backport = ["unicodedata2"]

[[package]]
name = "click"
version = "7.1.2"
description = "Composable command line interface toolkit"
category = "dev"
optional = false
python-versions = ">=2.7, !=3.0.*, !=3.1.*, !=3.2.*, !=3.3.*, !=3.4.*"

[[package]]
name = "colorama"
version = "0.4.3"
description = "Cross-platform colored terminal text."
category = "dev"
optional = false
python-versions = ">=2.7, !=3.0.*, !=3.1.*, !=3.2.*, !=3.3.*, !=3.4.*"

[[package]]
name = "coverage"
version = "5.5"
description = "Code coverage measurement for Python"
category = "dev"
optional = false
python-versions = ">=2.7, !=3.0.*, !=3.1.*, !=3.2.*, !=3.3.*, !=3.4.*, <4"

[package.dependencies]
toml = {version = "*", optional = true, markers = "extra == \"toml\""}

[package.extras]
toml = ["toml"]

[[package]]
name = "dennis"
version = "0.9"
description = "Utilities for working with PO and POT files to ease development and improve localization quality"
category = "dev"
optional = false
python-versions = "*"

[package.dependencies]
click = ">=6"
polib = ">=1.0.8"

[[package]]
name = "dj-database-url"
version = "0.5.0"
description = "Use Database URLs in your Django Application."
category = "main"
optional = false
python-versions = "*"

[[package]]
name = "dj-email-url"
version = "1.0.2"
description = "Use an URL to configure email backend settings in your Django Application."
category = "main"
optional = false
python-versions = "*"

[[package]]
name = "django"
version = "3.2.5"
description = "A high-level Python Web framework that encourages rapid development and clean, pragmatic design."
category = "main"
optional = false
python-versions = ">=3.6"

[package.dependencies]
asgiref = ">=3.3.2,<4"
pytz = "*"
sqlparse = ">=0.2.2"

[package.extras]
argon2 = ["argon2-cffi (>=19.1.0)"]
bcrypt = ["bcrypt"]

[[package]]
name = "django-decorator-include"
version = "3.0"
description = "Include Django URL patterns with decorators"
category = "main"
optional = false
python-versions = ">=3.4"

[package.dependencies]
Django = ">=2.0"

[package.extras]
dev = ["flake8", "isort"]

[[package]]
name = "django-extensions"
version = "3.2.0"
description = "Extensions for Django"
category = "main"
optional = false
python-versions = ">=3.6"

[package.dependencies]
Django = ">=3.2"

[[package]]
name = "django-ratelimit"
version = "2.0.0"
description = "Cache-based rate-limiting for Django."
category = "main"
optional = false
python-versions = ">=2.7, !=3.0.*, !=3.1.*, !=3.2.*, !=3.3.*"

[[package]]
name = "django-redis"
version = "5.0.0"
description = "Full featured redis cache backend for Django."
category = "main"
optional = false
python-versions = ">=3.6"

[package.dependencies]
Django = ">=2.2"
redis = ">=3.0.0"

[[package]]
name = "docopt"
version = "0.6.2"
description = "Pythonic argument parser, that will make you smile"
category = "dev"
optional = false
python-versions = "*"

[[package]]
name = "elasticmock"
version = "1.8.0"
description = "Python Elasticsearch Mock for test purposes"
category = "dev"
optional = false
python-versions = "*"

[package.dependencies]
elasticsearch = "*"
mock = "*"
python-dateutil = "*"

[[package]]
name = "elasticsearch"
version = "7.13.4"
description = "Python client for Elasticsearch"
category = "main"
optional = false
python-versions = ">=2.7, !=3.0.*, !=3.1.*, !=3.2.*, !=3.3.*, <4"

[package.dependencies]
certifi = "*"
urllib3 = ">=1.21.1,<2"

[package.extras]
async = ["aiohttp (>=3,<4)"]
develop = ["requests (>=2.0.0,<3.0.0)", "coverage", "mock", "pyyaml", "pytest", "pytest-cov", "sphinx (<1.7)", "sphinx-rtd-theme", "black", "jinja2"]
docs = ["sphinx (<1.7)", "sphinx-rtd-theme"]
requests = ["requests (>=2.4.0,<3.0.0)"]

[[package]]
name = "elasticsearch-dsl"
version = "7.3.0"
description = "Python client for Elasticsearch"
category = "main"
optional = false
python-versions = ">=2.7, !=3.0.*, !=3.1.*, !=3.2.*, !=3.3.*"

[package.dependencies]
elasticsearch = ">=7.0.0,<8.0.0"
python-dateutil = "*"
six = "*"

[package.extras]
develop = ["mock", "pytest (>=3.0.0)", "pytest-cov", "pytest-mock (<3.0.0)", "pytz", "coverage (<5.0.0)", "sphinx", "sphinx-rtd-theme"]

[[package]]
name = "flake8"
version = "3.9.2"
description = "the modular source code checker: pep8 pyflakes and co"
category = "dev"
optional = false
python-versions = "!=3.0.*,!=3.1.*,!=3.2.*,!=3.3.*,!=3.4.*,>=2.7"

[package.dependencies]
mccabe = ">=0.6.0,<0.7.0"
pycodestyle = ">=2.7.0,<2.8.0"
pyflakes = ">=2.3.0,<2.4.0"

[[package]]
name = "flake8-import-order"
version = "0.18.1"
description = "Flake8 and pylama plugin that checks the ordering of import statements."
category = "dev"
optional = false
python-versions = "*"

[package.dependencies]
pycodestyle = "*"

[[package]]
name = "gevent"
version = "21.1.2"
description = "Coroutine-based network library"
category = "main"
optional = false
python-versions = ">=2.7,!=3.0.*,!=3.1.*,!=3.2.*,!=3.3.*,!=3.4.*"

[package.dependencies]
cffi = {version = ">=1.12.2", markers = "platform_python_implementation == \"CPython\" and sys_platform == \"win32\""}
greenlet = {version = ">=0.4.17,<2.0", markers = "platform_python_implementation == \"CPython\""}
"zope.event" = "*"
"zope.interface" = "*"

[package.extras]
dnspython = ["dnspython (>=1.16.0,<2.0)", "idna"]
docs = ["repoze.sphinx.autointerface", "sphinxcontrib-programoutput", "zope.schema"]
monitor = ["psutil (>=5.7.0)"]
recommended = ["dnspython (>=1.16.0,<2.0)", "idna", "cffi (>=1.12.2)", "selectors2", "backports.socketpair", "psutil (>=5.7.0)"]
test = ["dnspython (>=1.16.0,<2.0)", "idna", "requests", "objgraph", "cffi (>=1.12.2)", "selectors2", "futures", "mock", "backports.socketpair", "contextvars (==2.4)", "coverage (>=5.0)", "coveralls (>=1.7.0)", "psutil (>=5.7.0)"]

[[package]]
name = "greenlet"
version = "1.1.0"
description = "Lightweight in-process concurrent programming"
category = "main"
optional = false
python-versions = ">=2.7,!=3.0.*,!=3.1.*,!=3.2.*,!=3.3.*,!=3.4.*"

[package.extras]
docs = ["sphinx"]

[[package]]
name = "gunicorn"
version = "20.1.0"
description = "WSGI HTTP Server for UNIX"
category = "main"
optional = false
python-versions = ">=3.5"

[package.extras]
eventlet = ["eventlet (>=0.24.1)"]
gevent = ["gevent (>=1.4.0)"]
setproctitle = ["setproctitle"]
tornado = ["tornado (>=0.2)"]

[[package]]
name = "honcho"
version = "1.0.1"
description = "Honcho: a Python clone of Foreman. For managing Procfile-based applications."
category = "dev"
optional = false
python-versions = "*"

[package.dependencies]
colorama = {version = "*", markers = "sys_platform == \"win32\""}

[package.extras]
export = ["jinja2 (>=2.7,<2.8)"]

[[package]]
name = "idna"
version = "2.9"
description = "Internationalized Domain Names in Applications (IDNA)"
category = "main"
optional = false
python-versions = ">=2.7, !=3.0.*, !=3.1.*, !=3.2.*, !=3.3.*"

[[package]]
name = "iniconfig"
version = "1.1.1"
description = "iniconfig: brain-dead simple config-ini parsing"
category = "dev"
optional = false
python-versions = "*"

[[package]]
name = "kombu"
version = "4.6.10"
description = "Messaging library for Python."
category = "main"
optional = false
python-versions = ">=2.7, !=3.0.*, !=3.1.*, !=3.2.*, !=3.3.*, !=3.4.*"

[package.dependencies]
amqp = ">=2.6.0,<2.7"

[package.extras]
azureservicebus = ["azure-servicebus (>=0.21.1)"]
azurestoragequeues = ["azure-storage-queue"]
consul = ["python-consul (>=0.6.0)"]
librabbitmq = ["librabbitmq (>=1.5.2)"]
mongodb = ["pymongo (>=3.3.0)"]
msgpack = ["msgpack"]
pyro = ["pyro4"]
qpid = ["qpid-python (>=0.26)", "qpid-tools (>=0.26)"]
redis = ["redis (>=3.3.11)"]
slmq = ["softlayer-messaging (>=1.0.3)"]
sqlalchemy = ["sqlalchemy"]
sqs = ["boto3 (>=1.4.4)", "pycurl (==7.43.0.2)"]
yaml = ["PyYAML (>=3.10)"]
zookeeper = ["kazoo (>=1.3.1)"]

[[package]]
name = "mccabe"
version = "0.6.1"
description = "McCabe checker, plugin for flake8"
category = "dev"
optional = false
python-versions = "*"

[[package]]
name = "mock"
version = "4.0.3"
description = "Rolling backport of unittest.mock for all Pythons"
category = "dev"
optional = false
python-versions = ">=3.6"

[package.extras]
build = ["twine", "wheel", "blurb"]
docs = ["sphinx"]
test = ["pytest (<5.4)", "pytest-cov"]

[[package]]
name = "mypy-extensions"
version = "0.4.3"
description = "Experimental type system extensions for programs checked with the mypy typechecker."
category = "dev"
optional = false
python-versions = "*"

[[package]]
name = "newrelic"
version = "6.4.4.161"
description = "New Relic Python Agent"
category = "main"
optional = false
python-versions = ">=2.7,!=3.0.*,!=3.1.*,!=3.2.*,!=3.3.*,!=3.4.*,!=3.5.*"

[package.extras]
infinite-tracing = ["grpcio (<2)", "protobuf (<4)"]

[[package]]
name = "packaging"
version = "20.1"
description = "Core utilities for Python packages"
category = "dev"
optional = false
python-versions = ">=2.7, !=3.0.*, !=3.1.*, !=3.2.*, !=3.3.*"

[package.dependencies]
pyparsing = ">=2.0.2"
six = "*"

[[package]]
name = "pathspec"
version = "0.8.1"
description = "Utility library for gitignore style pattern matching of file paths."
category = "dev"
optional = false
python-versions = ">=2.7, !=3.0.*, !=3.1.*, !=3.2.*, !=3.3.*, !=3.4.*"

[[package]]
name = "pluggy"
version = "0.13.1"
description = "plugin and hook calling mechanisms for python"
category = "dev"
optional = false
python-versions = ">=2.7, !=3.0.*, !=3.1.*, !=3.2.*, !=3.3.*"

[package.extras]
dev = ["pre-commit", "tox"]

[[package]]
name = "polib"
version = "1.1.1"
description = "A library to manipulate gettext files (po and mo files)."
category = "dev"
optional = false
python-versions = "*"

[[package]]
name = "psycopg2-binary"
version = "2.9.1"
description = "psycopg2 - Python-PostgreSQL Database Adapter"
category = "main"
optional = false
python-versions = ">=3.6"

[[package]]
name = "py"
version = "1.10.0"
description = "library with cross-python path, ini-parsing, io, code, log facilities"
category = "dev"
optional = false
python-versions = ">=2.7, !=3.0.*, !=3.1.*, !=3.2.*, !=3.3.*"

[[package]]
name = "pycodestyle"
version = "2.7.0"
description = "Python style guide checker"
category = "dev"
optional = false
python-versions = ">=2.7, !=3.0.*, !=3.1.*, !=3.2.*, !=3.3.*"

[[package]]
name = "pycparser"
version = "2.20"
description = "C parser in Python"
category = "main"
optional = false
python-versions = ">=2.7, !=3.0.*, !=3.1.*, !=3.2.*, !=3.3.*"

[[package]]
name = "pyflakes"
version = "2.3.1"
description = "passive checker of Python programs"
category = "dev"
optional = false
python-versions = ">=2.7, !=3.0.*, !=3.1.*, !=3.2.*, !=3.3.*"

[[package]]
name = "pyparsing"
version = "2.4.6"
description = "Python parsing module"
category = "dev"
optional = false
python-versions = ">=2.6, !=3.0.*, !=3.1.*, !=3.2.*"

[[package]]
name = "pytest"
version = "6.2.4"
description = "pytest: simple powerful testing with Python"
category = "dev"
optional = false
python-versions = ">=3.6"

[package.dependencies]
atomicwrites = {version = ">=1.0", markers = "sys_platform == \"win32\""}
attrs = ">=19.2.0"
colorama = {version = "*", markers = "sys_platform == \"win32\""}
iniconfig = "*"
packaging = "*"
pluggy = ">=0.12,<1.0.0a1"
py = ">=1.8.2"
toml = "*"

[package.extras]
testing = ["argcomplete", "hypothesis (>=3.56)", "mock", "nose", "requests", "xmlschema"]

[[package]]
name = "pytest-base-url"
version = "1.4.1"
description = "pytest plugin for URL based testing"
category = "dev"
optional = false
python-versions = "*"

[package.dependencies]
pytest = ">=2.7.3"
requests = ">=2.9"

[[package]]
name = "pytest-cov"
version = "2.12.1"
description = "Pytest plugin for measuring coverage."
category = "dev"
optional = false
python-versions = ">=2.7, !=3.0.*, !=3.1.*, !=3.2.*, !=3.3.*, !=3.4.*"

[package.dependencies]
coverage = ">=5.2.1"
pytest = ">=4.6"
toml = "*"

[package.extras]
testing = ["fields", "hunter", "process-tests", "six", "pytest-xdist", "virtualenv"]

[[package]]
name = "pytest-django"
version = "3.10.0"
description = "A Django plugin for pytest."
category = "dev"
optional = false
python-versions = ">=2.7, !=3.0.*, !=3.1.*, !=3.2.*, !=3.3.*"

[package.dependencies]
pytest = ">=3.6"

[package.extras]
docs = ["sphinx", "sphinx-rtd-theme"]
testing = ["django", "django-configurations (>=2.0)", "six"]

[[package]]
name = "pytest-metadata"
version = "1.11.0"
description = "pytest plugin for test session metadata"
category = "dev"
optional = false
python-versions = ">=2.7, !=3.0.*, !=3.1.*, !=3.2.*, !=3.3.*, !=3.4.*, !=3.5.*"

[package.dependencies]
pytest = ">=2.9.0"

[[package]]
name = "pytest-rerunfailures"
version = "10.1"
description = "pytest plugin to re-run tests to eliminate flaky failures"
category = "dev"
optional = false
python-versions = ">=3.6"

[package.dependencies]
pytest = ">=5.3"

[[package]]
name = "pytest-watch"
version = "4.2.0"
description = "Local continuous test runner with pytest and watchdog."
category = "dev"
optional = false
python-versions = "*"

[package.dependencies]
colorama = ">=0.3.3"
docopt = ">=0.4.0"
pytest = ">=2.6.4"
watchdog = ">=0.6.0"

[[package]]
name = "python-dateutil"
version = "2.8.1"
description = "Extensions to the standard Python datetime module"
category = "main"
optional = false
python-versions = "!=3.0.*,!=3.1.*,!=3.2.*,>=2.7"

[package.dependencies]
six = ">=1.5"

[[package]]
name = "python-decouple"
version = "3.4"
description = "Strict separation of settings from code."
category = "main"
optional = false
python-versions = "*"

[[package]]
name = "pytz"
version = "2019.3"
description = "World timezone definitions, modern and historical"
category = "main"
optional = false
python-versions = "*"

[[package]]
name = "redis"
version = "3.4.1"
description = "Python client for Redis key-value store"
category = "main"
optional = false
python-versions = ">=2.7, !=3.0.*, !=3.1.*, !=3.2.*, !=3.3.*, !=3.4.*"

[package.extras]
hiredis = ["hiredis (>=0.1.3)"]

[[package]]
name = "redo"
version = "2.0.4"
description = "Utilities to retry Python callables."
category = "main"
optional = false
python-versions = "*"

[[package]]
name = "regex"
version = "2020.2.20"
description = "Alternative regular expression module, to replace re."
category = "dev"
optional = false
python-versions = "*"

[[package]]
name = "requests"
version = "2.26.0"
description = "Python HTTP for Humans."
category = "main"
optional = false
python-versions = ">=2.7, !=3.0.*, !=3.1.*, !=3.2.*, !=3.3.*, !=3.4.*, !=3.5.*"

[package.dependencies]
certifi = ">=2017.4.17"
charset-normalizer = {version = ">=2.0.0,<2.1.0", markers = "python_version >= \"3\""}
idna = {version = ">=2.5,<4", markers = "python_version >= \"3\""}
urllib3 = ">=1.21.1,<1.27"

[package.extras]
socks = ["PySocks (>=1.5.6,!=1.5.7)", "win-inet-pton"]
use_chardet_on_py3 = ["chardet (>=3.0.2,<5)"]

[[package]]
name = "requests-mock"
version = "1.9.3"
description = "Mock out responses from the requests package"
category = "dev"
optional = false
python-versions = "*"

[package.dependencies]
requests = ">=2.3,<3"
six = "*"

[package.extras]
fixture = ["fixtures"]
test = ["fixtures", "mock", "purl", "pytest", "sphinx", "testrepository (>=0.0.18)", "testtools"]

[[package]]
name = "sentry-sdk"
version = "1.3.0"
description = "Python client for Sentry (https://sentry.io)"
category = "main"
optional = false
python-versions = "*"

[package.dependencies]
certifi = "*"
urllib3 = ">=1.10.0"

[package.extras]
aiohttp = ["aiohttp (>=3.5)"]
beam = ["apache-beam (>=2.12)"]
bottle = ["bottle (>=0.12.13)"]
celery = ["celery (>=3)"]
chalice = ["chalice (>=1.16.0)"]
django = ["django (>=1.8)"]
falcon = ["falcon (>=1.4)"]
flask = ["flask (>=0.11)", "blinker (>=1.1)"]
httpx = ["httpx (>=0.16.0)"]
pure_eval = ["pure-eval", "executing", "asttokens"]
pyspark = ["pyspark (>=2.4.4)"]
rq = ["rq (>=0.6)"]
sanic = ["sanic (>=0.8)"]
sqlalchemy = ["sqlalchemy (>=1.2)"]
tornado = ["tornado (>=5)"]

[[package]]
name = "six"
version = "1.14.0"
description = "Python 2 and 3 compatibility utilities"
category = "main"
optional = false
python-versions = ">=2.7, !=3.0.*, !=3.1.*, !=3.2.*"

[[package]]
name = "sqlparse"
version = "0.3.1"
description = "Non-validating SQL parser"
category = "main"
optional = false
python-versions = ">=2.7, !=3.0.*, !=3.1.*, !=3.2.*, !=3.3.*"

[[package]]
name = "toml"
version = "0.10.1"
description = "Python Library for Tom's Obvious, Minimal Language"
category = "dev"
optional = false
python-versions = "*"

[[package]]
name = "tomli"
version = "1.1.0"
description = "A lil' TOML parser"
category = "dev"
optional = false
python-versions = ">=3.6"

[[package]]
name = "urllib3"
version = "1.26.6"
description = "HTTP library with thread-safe connection pooling, file post, and more."
category = "main"
optional = false
python-versions = ">=2.7, !=3.0.*, !=3.1.*, !=3.2.*, !=3.3.*, !=3.4.*, <4"

[package.extras]
brotli = ["brotlipy (>=0.6.0)"]
secure = ["pyOpenSSL (>=0.14)", "cryptography (>=1.3.4)", "idna (>=2.0.0)", "certifi", "ipaddress"]
socks = ["PySocks (>=1.5.6,!=1.5.7,<2.0)"]

[[package]]
name = "urlwait"
version = "1.0"
description = "A CLI utility for blocking until a service is listening"
category = "main"
optional = false
python-versions = "*"

[[package]]
name = "vine"
version = "1.3.0"
description = "Promises, promises, promises."
category = "main"
optional = false
python-versions = ">=2.7, !=3.0.*, !=3.1.*, !=3.2.*, !=3.3.*"

[[package]]
name = "watchdog"
version = "2.1.3"
description = "Filesystem events monitoring"
category = "dev"
optional = false
python-versions = ">=3.6"

[package.extras]
watchmedo = ["PyYAML (>=3.10)", "argh (>=0.24.1)"]

[[package]]
name = "werkzeug"
version = "1.0.1"
description = "The comprehensive WSGI web application library."
category = "dev"
optional = false
python-versions = ">=2.7, !=3.0.*, !=3.1.*, !=3.2.*, !=3.3.*, !=3.4.*"

[package.extras]
dev = ["pytest", "pytest-timeout", "coverage", "tox", "sphinx", "pallets-sphinx-themes", "sphinx-issues"]
watchdog = ["watchdog"]

[[package]]
name = "whitenoise"
version = "5.3.0"
description = "Radically simplified static file serving for WSGI applications"
category = "main"
optional = false
python-versions = ">=3.5, <4"

[package.extras]
brotli = ["brotli"]

[[package]]
name = "zope.event"
version = "4.4"
description = "Very basic event publishing system"
category = "main"
optional = false
python-versions = "*"

[package.extras]
docs = ["sphinx"]
test = ["zope.testrunner"]

[[package]]
name = "zope.interface"
version = "5.1.0"
description = "Interfaces for Python"
category = "main"
optional = false
python-versions = ">=2.7, !=3.0.*, !=3.1.*, !=3.2.*, !=3.3.*, !=3.4.*"

[package.extras]
docs = ["sphinx", "repoze.sphinx.autointerface"]
test = ["coverage (>=5.0.3)", "zope.event", "zope.testing"]
testing = ["coverage (>=5.0.3)", "zope.event", "zope.testing"]

[metadata]
lock-version = "1.1"
python-versions = "^3.8"
content-hash = "7b1e7a16d571618cb60c19f61d8ab5570a934cecb581d81fc2fc4266e6c9eb54"

[metadata.files]
amqp = []
appdirs = []
asgiref = []
atomicwrites = []
attrs = []
billiard = []
black = []
braceexpand = []
celery = []
certifi = []
cffi = []
charset-normalizer = []
click = []
colorama = []
coverage = []
dennis = []
dj-database-url = []
dj-email-url = []
django = []
django-decorator-include = []
django-extensions = []
django-ratelimit = []
django-redis = []
docopt = []
elasticmock = []
elasticsearch = []
elasticsearch-dsl = []
flake8 = []
flake8-import-order = []
gevent = []
greenlet = []
gunicorn = []
honcho = []
idna = []
iniconfig = []
kombu = []
mccabe = []
mock = []
mypy-extensions = []
newrelic = []
packaging = []
pathspec = []
pluggy = []
polib = []
psycopg2-binary = []
py = []
pycodestyle = []
pycparser = []
pyflakes = []
pyparsing = []
pytest = []
pytest-base-url = []
pytest-cov = []
pytest-django = []
pytest-metadata = []
pytest-rerunfailures = []
pytest-watch = []
python-dateutil = []
python-decouple = []
pytz = []
redis = []
redo = []
regex = []
requests = []
requests-mock = []
sentry-sdk = []
six = []
sqlparse = []
toml = []
tomli = []
urllib3 = []
urlwait = []
vine = []
watchdog = []
werkzeug = []
whitenoise = []
"zope.event" = []
"zope.interface" = []
